
Microsoft Visual Studio Solution File, Format Version 9.00
# Visual Studio 2005
Project("{FAE04EC0-301F-11D3-BF4B-00C04F79EFBC}") = "Doppleganger", "Doppleganger.csproj", "{B3A75DE4-05EA-4F07-BA88-72DAC8D2E54C}"
EndProject
Global
	GlobalSection(SolutionConfigurationPlatforms) = preSolution
		Debug|Any CPU = Debug|Any CPU
		Release|Any CPU = Release|Any CPU
	EndGlobalSection
	GlobalSection(ProjectConfigurationPlatforms) = postSolution
		{B3A75DE4-05EA-4F07-BA88-72DAC8D2E54C}.Debug|Any CPU.ActiveCfg = Debug|Any CPU
		{B3A75DE4-05EA-4F07-BA88-72DAC8D2E54C}.Debug|Any CPU.Build.0 = Debug|Any CPU
		{B3A75DE4-05EA-4F07-BA88-72DAC8D2E54C}.Release|Any CPU.ActiveCfg = Release|Any CPU
		{B3A75DE4-05EA-4F07-BA88-72DAC8D2E54C}.Release|Any CPU.Build.0 = Release|Any CPU
	EndGlobalSection
	GlobalSection(SolutionProperties) = preSolution
		HideSolutionNode = FALSE
	EndGlobalSection
EndGlobal
